
Microsoft Visual Studio Solution File, Format Version 12.00
# Visual Studio Version 16
VisualStudioVersion = 16.0.29709.97
MinimumVisualStudioVersion = 10.0.40219.1
Project("{FAE04EC0-301F-11D3-BF4B-00C04F79EFBC}") = "ConsoleApplication", "ConsoleApplication\ConsoleApplication.csproj", "{560F4710-A196-4F9F-B398-DFC2F304AEA2}"
EndProject
Project("{FAE04EC0-301F-11D3-BF4B-00C04F79EFBC}") = "Core", "Core\Core.csproj", "{3596054C-A44B-4864-90E6-27F202713BE3}"
EndProject
Project("{FAE04EC0-301F-11D3-BF4B-00C04F79EFBC}") = "Domain", "Domain\Domain.csproj", "{FEF1565C-7CB6-48D3-9C26-08FE8E5832C7}"
EndProject
Project("{FAE04EC0-301F-11D3-BF4B-00C04F79EFBC}") = "Tests", "Tests\Tests.csproj", "{B80CA2BB-C27E-4A61-A4D9-15E94D1A11B7}"
EndProject
Global
	GlobalSection(SolutionConfigurationPlatforms) = preSolution
		Debug|Any CPU = Debug|Any CPU
		Release|Any CPU = Release|Any CPU
	EndGlobalSection
	GlobalSection(ProjectConfigurationPlatforms) = postSolution
		{560F4710-A196-4F9F-B398-DFC2F304AEA2}.Debug|Any CPU.ActiveCfg = Debug|Any CPU
		{560F4710-A196-4F9F-B398-DFC2F304AEA2}.Debug|Any CPU.Build.0 = Debug|Any CPU
		{560F4710-A196-4F9F-B398-DFC2F304AEA2}.Release|Any CPU.ActiveCfg = Release|Any CPU
		{560F4710-A196-4F9F-B398-DFC2F304AEA2}.Release|Any CPU.Build.0 = Release|Any CPU
		{3596054C-A44B-4864-90E6-27F202713BE3}.Debug|Any CPU.ActiveCfg = Debug|Any CPU
		{3596054C-A44B-4864-90E6-27F202713BE3}.Debug|Any CPU.Build.0 = Debug|Any CPU
		{3596054C-A44B-4864-90E6-27F202713BE3}.Release|Any CPU.ActiveCfg = Release|Any CPU
		{3596054C-A44B-4864-90E6-27F202713BE3}.Release|Any CPU.Build.0 = Release|Any CPU
		{FEF1565C-7CB6-48D3-9C26-08FE8E5832C7}.Debug|Any CPU.ActiveCfg = Debug|Any CPU
		{FEF1565C-7CB6-48D3-9C26-08FE8E5832C7}.Debug|Any CPU.Build.0 = Debug|Any CPU
		{FEF1565C-7CB6-48D3-9C26-08FE8E5832C7}.Release|Any CPU.ActiveCfg = Release|Any CPU
		{FEF1565C-7CB6-48D3-9C26-08FE8E5832C7}.Release|Any CPU.Build.0 = Release|Any CPU
		{B80CA2BB-C27E-4A61-A4D9-15E94D1A11B7}.Debug|Any CPU.ActiveCfg = Debug|Any CPU
		{B80CA2BB-C27E-4A61-A4D9-15E94D1A11B7}.Debug|Any CPU.Build.0 = Debug|Any CPU
		{B80CA2BB-C27E-4A61-A4D9-15E94D1A11B7}.Release|Any CPU.ActiveCfg = Release|Any CPU
		{B80CA2BB-C27E-4A61-A4D9-15E94D1A11B7}.Release|Any CPU.Build.0 = Release|Any CPU
	EndGlobalSection
	GlobalSection(SolutionProperties) = preSolution
		HideSolutionNode = FALSE
	EndGlobalSection
	GlobalSection(ExtensibilityGlobals) = postSolution
		SolutionGuid = {4ED938E4-472E-4BD5-AFE0-1862F1B67221}
	EndGlobalSection
EndGlobal
